
Microsoft Visual Studio Solution File, Format Version 12.00
# Visual Studio Version 16
VisualStudioVersion = 16.0.33423.256
MinimumVisualStudioVersion = 10.0.40219.1
Project("{FAE04EC0-301F-11D3-BF4B-00C04F79EFBC}") = "LINQ-Lab2-AvanceradASP.NET", "LINQ-Lab2-AvanceradASP.NET\LINQ-Lab2-AvanceradASP.NET.csproj", "{645BB454-5029-465B-BD02-1D120AD84C83}"
EndProject
Global
	GlobalSection(SolutionConfigurationPlatforms) = preSolution
		Debug|Any CPU = Debug|Any CPU
		Release|Any CPU = Release|Any CPU
	EndGlobalSection
	GlobalSection(ProjectConfigurationPlatforms) = postSolution
		{645BB454-5029-465B-BD02-1D120AD84C83}.Debug|Any CPU.ActiveCfg = Debug|Any CPU
		{645BB454-5029-465B-BD02-1D120AD84C83}.Debug|Any CPU.Build.0 = Debug|Any CPU
		{645BB454-5029-465B-BD02-1D120AD84C83}.Release|Any CPU.ActiveCfg = Release|Any CPU
		{645BB454-5029-465B-BD02-1D120AD84C83}.Release|Any CPU.Build.0 = Release|Any CPU
	EndGlobalSection
	GlobalSection(SolutionProperties) = preSolution
		HideSolutionNode = FALSE
	EndGlobalSection
	GlobalSection(ExtensibilityGlobals) = postSolution
		SolutionGuid = {6C318023-59D7-4109-BF76-51905A8E807B}
	EndGlobalSection
EndGlobal
